// !$*UTF8*$!
{
	archiveVersion = 1;
	classes = {
	};
	objectVersion = 51;
	objects = {

/* Begin PBXBuildFile section */
		509838365D41487A9142CA5C /* Pods_Coronavirus_CoronavirusUITests.framework in Frameworks */ = {isa = PBXBuildFile; fileRef = D65B0A8BAE8BE257BB13B6C5 /* Pods_Coronavirus_CoronavirusUITests.framework */; };
		5A9F873D2423D8530015DD96 /* AppDelegate.swift in Sources */ = {isa = PBXBuildFile; fileRef = 5A9F873C2423D8530015DD96 /* AppDelegate.swift */; };
		5A9F873F2423D8530015DD96 /* SceneDelegate.swift in Sources */ = {isa = PBXBuildFile; fileRef = 5A9F873E2423D8530015DD96 /* SceneDelegate.swift */; };
		5A9F87412423D8530015DD96 /* CustomCells.swift in Sources */ = {isa = PBXBuildFile; fileRef = 5A9F87402423D8530015DD96 /* CustomCells.swift */; };
		5A9F87442423D8530015DD96 /* Main.storyboard in Resources */ = {isa = PBXBuildFile; fileRef = 5A9F87422423D8530015DD96 /* Main.storyboard */; };
		5A9F87462423D8560015DD96 /* Assets.xcassets in Resources */ = {isa = PBXBuildFile; fileRef = 5A9F87452423D8560015DD96 /* Assets.xcassets */; };
		5A9F87492423D8560015DD96 /* LaunchScreen.storyboard in Resources */ = {isa = PBXBuildFile; fileRef = 5A9F87472423D8560015DD96 /* LaunchScreen.storyboard */; };
		5A9F87542423D8560015DD96 /* CoronavirusTests.swift in Sources */ = {isa = PBXBuildFile; fileRef = 5A9F87532423D8560015DD96 /* CoronavirusTests.swift */; };
		5A9F875F2423D8560015DD96 /* CoronavirusUITests.swift in Sources */ = {isa = PBXBuildFile; fileRef = 5A9F875E2423D8560015DD96 /* CoronavirusUITests.swift */; };
		5A9F876D242418410015DD96 /* HomeTVC.swift in Sources */ = {isa = PBXBuildFile; fileRef = 5A9F876C242418410015DD96 /* HomeTVC.swift */; };
		5A9F876F24241A460015DD96 /* RegionModel.swift in Sources */ = {isa = PBXBuildFile; fileRef = 5A9F876E24241A460015DD96 /* RegionModel.swift */; };
		5A9F877124241BA80015DD96 /* UserModel.swift in Sources */ = {isa = PBXBuildFile; fileRef = 5A9F877024241BA80015DD96 /* UserModel.swift */; };
		5A9F877324241F310015DD96 /* Extensions.swift in Sources */ = {isa = PBXBuildFile; fileRef = 5A9F877224241F310015DD96 /* Extensions.swift */; };
		5A9F877524247D0C0015DD96 /* GoogleService-Info.plist in Resources */ = {isa = PBXBuildFile; fileRef = 5A9F877424247D0C0015DD96 /* GoogleService-Info.plist */; };
		5AB77C9D24258E4B0002CD3D /* Colors.swift in Sources */ = {isa = PBXBuildFile; fileRef = 5AB77C9A24258E4B0002CD3D /* Colors.swift */; };
		5AB77C9E24258E4B0002CD3D /* FirestoreUtil.swift in Sources */ = {isa = PBXBuildFile; fileRef = 5AB77C9B24258E4B0002CD3D /* FirestoreUtil.swift */; };
		5AB77CA024258F6F0002CD3D /* RegionTVC.swift in Sources */ = {isa = PBXBuildFile; fileRef = 5AB77C9F24258F6F0002CD3D /* RegionTVC.swift */; };
		71DC6F8357C149DDA0E337DE /* Pods_CoronavirusTests.framework in Frameworks */ = {isa = PBXBuildFile; fileRef = A1FB93A76FA546A36FAC7D47 /* Pods_CoronavirusTests.framework */; };
		DAA12282648F8CE0FD40DD27 /* Pods_Coronavirus.framework in Frameworks */ = {isa = PBXBuildFile; fileRef = B849CFE060F044F9FA894DC1 /* Pods_Coronavirus.framework */; };
/* End PBXBuildFile section */

/* Begin PBXContainerItemProxy section */
		5A9F87502423D8560015DD96 /* PBXContainerItemProxy */ = {
			isa = PBXContainerItemProxy;
			containerPortal = 5A9F87312423D8530015DD96 /* Project object */;
			proxyType = 1;
			remoteGlobalIDString = 5A9F87382423D8530015DD96;
			remoteInfo = Coronavirus;
		};
		5A9F875B2423D8560015DD96 /* PBXContainerItemProxy */ = {
			isa = PBXContainerItemProxy;
			containerPortal = 5A9F87312423D8530015DD96 /* Project object */;
			proxyType = 1;
			remoteGlobalIDString = 5A9F87382423D8530015DD96;
			remoteInfo = Coronavirus;
		};
/* End PBXContainerItemProxy section */

/* Begin PBXFileReference section */
		2A76199DA896B087C687E1A2 /* Pods-CoronavirusTests.debug.xcconfig */ = {isa = PBXFileReference; includeInIndex = 1; lastKnownFileType = text.xcconfig; name = "Pods-CoronavirusTests.debug.xcconfig"; path = "Target Support Files/Pods-CoronavirusTests/Pods-CoronavirusTests.debug.xcconfig"; sourceTree = "<group>"; };
		5156E8A5AFA9B007B551E0D8 /* Pods-Coronavirus.debug.xcconfig */ = {isa = PBXFileReference; includeInIndex = 1; lastKnownFileType = text.xcconfig; name = "Pods-Coronavirus.debug.xcconfig"; path = "Target Support Files/Pods-Coronavirus/Pods-Coronavirus.debug.xcconfig"; sourceTree = "<group>"; };
		5A9F87392423D8530015DD96 /* Bend the Curve.app */ = {isa = PBXFileReference; explicitFileType = wrapper.application; includeInIndex = 0; path = "Bend the Curve.app"; sourceTree = BUILT_PRODUCTS_DIR; };
		5A9F873C2423D8530015DD96 /* AppDelegate.swift */ = {isa = PBXFileReference; lastKnownFileType = sourcecode.swift; path = AppDelegate.swift; sourceTree = "<group>"; };
		5A9F873E2423D8530015DD96 /* SceneDelegate.swift */ = {isa = PBXFileReference; lastKnownFileType = sourcecode.swift; path = SceneDelegate.swift; sourceTree = "<group>"; };
		5A9F87402423D8530015DD96 /* CustomCells.swift */ = {isa = PBXFileReference; lastKnownFileType = sourcecode.swift; path = CustomCells.swift; sourceTree = "<group>"; };
		5A9F87432423D8530015DD96 /* Base */ = {isa = PBXFileReference; lastKnownFileType = file.storyboard; name = Base; path = Base.lproj/Main.storyboard; sourceTree = "<group>"; };
		5A9F87452423D8560015DD96 /* Assets.xcassets */ = {isa = PBXFileReference; lastKnownFileType = folder.assetcatalog; path = Assets.xcassets; sourceTree = "<group>"; };
		5A9F87482423D8560015DD96 /* Base */ = {isa = PBXFileReference; lastKnownFileType = file.storyboard; name = Base; path = Base.lproj/LaunchScreen.storyboard; sourceTree = "<group>"; };
		5A9F874A2423D8560015DD96 /* Info.plist */ = {isa = PBXFileReference; lastKnownFileType = text.plist.xml; path = Info.plist; sourceTree = "<group>"; };
		5A9F874F2423D8560015DD96 /* CoronavirusTests.xctest */ = {isa = PBXFileReference; explicitFileType = wrapper.cfbundle; includeInIndex = 0; path = CoronavirusTests.xctest; sourceTree = BUILT_PRODUCTS_DIR; };
		5A9F87532423D8560015DD96 /* CoronavirusTests.swift */ = {isa = PBXFileReference; lastKnownFileType = sourcecode.swift; path = CoronavirusTests.swift; sourceTree = "<group>"; };
		5A9F87552423D8560015DD96 /* Info.plist */ = {isa = PBXFileReference; lastKnownFileType = text.plist.xml; path = Info.plist; sourceTree = "<group>"; };
		5A9F875A2423D8560015DD96 /* CoronavirusUITests.xctest */ = {isa = PBXFileReference; explicitFileType = wrapper.cfbundle; includeInIndex = 0; path = CoronavirusUITests.xctest; sourceTree = BUILT_PRODUCTS_DIR; };
		5A9F875E2423D8560015DD96 /* CoronavirusUITests.swift */ = {isa = PBXFileReference; lastKnownFileType = sourcecode.swift; path = CoronavirusUITests.swift; sourceTree = "<group>"; };
		5A9F87602423D8560015DD96 /* Info.plist */ = {isa = PBXFileReference; lastKnownFileType = text.plist.xml; path = Info.plist; sourceTree = "<group>"; };
		5A9F876C242418410015DD96 /* HomeTVC.swift */ = {isa = PBXFileReference; lastKnownFileType = sourcecode.swift; path = HomeTVC.swift; sourceTree = "<group>"; };
		5A9F876E24241A460015DD96 /* RegionModel.swift */ = {isa = PBXFileReference; lastKnownFileType = sourcecode.swift; path = RegionModel.swift; sourceTree = "<group>"; };
		5A9F877024241BA80015DD96 /* UserModel.swift */ = {isa = PBXFileReference; lastKnownFileType = sourcecode.swift; path = UserModel.swift; sourceTree = "<group>"; };
		5A9F877224241F310015DD96 /* Extensions.swift */ = {isa = PBXFileReference; lastKnownFileType = sourcecode.swift; path = Extensions.swift; sourceTree = "<group>"; };
		5A9F877424247D0C0015DD96 /* GoogleService-Info.plist */ = {isa = PBXFileReference; fileEncoding = 4; lastKnownFileType = text.plist.xml; path = "GoogleService-Info.plist"; sourceTree = "<group>"; };
		5AB77C9A24258E4B0002CD3D /* Colors.swift */ = {isa = PBXFileReference; fileEncoding = 4; lastKnownFileType = sourcecode.swift; path = Colors.swift; sourceTree = "<group>"; };
		5AB77C9B24258E4B0002CD3D /* FirestoreUtil.swift */ = {isa = PBXFileReference; fileEncoding = 4; lastKnownFileType = sourcecode.swift; path = FirestoreUtil.swift; sourceTree = "<group>"; };
		5AB77C9F24258F6F0002CD3D /* RegionTVC.swift */ = {isa = PBXFileReference; fileEncoding = 4; lastKnownFileType = sourcecode.swift; path = RegionTVC.swift; sourceTree = "<group>"; };
		5AB77CA12425B6AB0002CD3D /* Bend the Curve.entitlements */ = {isa = PBXFileReference; lastKnownFileType = text.plist.entitlements; path = "Bend the Curve.entitlements"; sourceTree = "<group>"; };
		65CAB34E07B7B32B0E6344FF /* Pods-Coronavirus.release.xcconfig */ = {isa = PBXFileReference; includeInIndex = 1; lastKnownFileType = text.xcconfig; name = "Pods-Coronavirus.release.xcconfig"; path = "Target Support Files/Pods-Coronavirus/Pods-Coronavirus.release.xcconfig"; sourceTree = "<group>"; };
		8D920D6D7828BA8D6980939F /* Pods-CoronavirusTests.release.xcconfig */ = {isa = PBXFileReference; includeInIndex = 1; lastKnownFileType = text.xcconfig; name = "Pods-CoronavirusTests.release.xcconfig"; path = "Target Support Files/Pods-CoronavirusTests/Pods-CoronavirusTests.release.xcconfig"; sourceTree = "<group>"; };
		A1FB93A76FA546A36FAC7D47 /* Pods_CoronavirusTests.framework */ = {isa = PBXFileReference; explicitFileType = wrapper.framework; includeInIndex = 0; path = Pods_CoronavirusTests.framework; sourceTree = BUILT_PRODUCTS_DIR; };
		B849CFE060F044F9FA894DC1 /* Pods_Coronavirus.framework */ = {isa = PBXFileReference; explicitFileType = wrapper.framework; includeInIndex = 0; path = Pods_Coronavirus.framework; sourceTree = BUILT_PRODUCTS_DIR; };
		D535048CC890B9177CA7A113 /* Pods-Coronavirus-CoronavirusUITests.release.xcconfig */ = {isa = PBXFileReference; includeInIndex = 1; lastKnownFileType = text.xcconfig; name = "Pods-Coronavirus-CoronavirusUITests.release.xcconfig"; path = "Target Support Files/Pods-Coronavirus-CoronavirusUITests/Pods-Coronavirus-CoronavirusUITests.release.xcconfig"; sourceTree = "<group>"; };
		D65B0A8BAE8BE257BB13B6C5 /* Pods_Coronavirus_CoronavirusUITests.framework */ = {isa = PBXFileReference; explicitFileType = wrapper.framework; includeInIndex = 0; path = Pods_Coronavirus_CoronavirusUITests.framework; sourceTree = BUILT_PRODUCTS_DIR; };
		F32DF28CE1373CB764EA383E /* Pods-Coronavirus-CoronavirusUITests.debug.xcconfig */ = {isa = PBXFileReference; includeInIndex = 1; lastKnownFileType = text.xcconfig; name = "Pods-Coronavirus-CoronavirusUITests.debug.xcconfig"; path = "Target Support Files/Pods-Coronavirus-CoronavirusUITests/Pods-Coronavirus-CoronavirusUITests.debug.xcconfig"; sourceTree = "<group>"; };
/* End PBXFileReference section */

/* Begin PBXFrameworksBuildPhase section */
		5A9F87362423D8530015DD96 /* Frameworks */ = {
			isa = PBXFrameworksBuildPhase;
			buildActionMask = 2147483647;
			files = (
				DAA12282648F8CE0FD40DD27 /* Pods_Coronavirus.framework in Frameworks */,
			);
			runOnlyForDeploymentPostprocessing = 0;
		};
		5A9F874C2423D8560015DD96 /* Frameworks */ = {
			isa = PBXFrameworksBuildPhase;
			buildActionMask = 2147483647;
			files = (
				71DC6F8357C149DDA0E337DE /* Pods_CoronavirusTests.framework in Frameworks */,
			);
			runOnlyForDeploymentPostprocessing = 0;
		};
		5A9F87572423D8560015DD96 /* Frameworks */ = {
			isa = PBXFrameworksBuildPhase;
			buildActionMask = 2147483647;
			files = (
				509838365D41487A9142CA5C /* Pods_Coronavirus_CoronavirusUITests.framework in Frameworks */,
			);
			runOnlyForDeploymentPostprocessing = 0;
		};
/* End PBXFrameworksBuildPhase section */

/* Begin PBXGroup section */
		0795909B3DEE9337A5377DC7 /* Pods */ = {
			isa = PBXGroup;
			children = (
				5156E8A5AFA9B007B551E0D8 /* Pods-Coronavirus.debug.xcconfig */,
				65CAB34E07B7B32B0E6344FF /* Pods-Coronavirus.release.xcconfig */,
				F32DF28CE1373CB764EA383E /* Pods-Coronavirus-CoronavirusUITests.debug.xcconfig */,
				D535048CC890B9177CA7A113 /* Pods-Coronavirus-CoronavirusUITests.release.xcconfig */,
				2A76199DA896B087C687E1A2 /* Pods-CoronavirusTests.debug.xcconfig */,
				8D920D6D7828BA8D6980939F /* Pods-CoronavirusTests.release.xcconfig */,
			);
			path = Pods;
			sourceTree = "<group>";
		};
		5A9F87302423D8530015DD96 = {
			isa = PBXGroup;
			children = (
				5A9F873B2423D8530015DD96 /* Coronavirus */,
				5A9F87522423D8560015DD96 /* CoronavirusTests */,
				5A9F875D2423D8560015DD96 /* CoronavirusUITests */,
				5A9F873A2423D8530015DD96 /* Products */,
				0795909B3DEE9337A5377DC7 /* Pods */,
				E5B66DB2F03AB84DAEBAC5E3 /* Frameworks */,
			);
			sourceTree = "<group>";
		};
		5A9F873A2423D8530015DD96 /* Products */ = {
			isa = PBXGroup;
			children = (
				5A9F87392423D8530015DD96 /* Bend the Curve.app */,
				5A9F874F2423D8560015DD96 /* CoronavirusTests.xctest */,
				5A9F875A2423D8560015DD96 /* CoronavirusUITests.xctest */,
			);
			name = Products;
			sourceTree = "<group>";
		};
		5A9F873B2423D8530015DD96 /* Coronavirus */ = {
			isa = PBXGroup;
			children = (
				5AB77CA12425B6AB0002CD3D /* Bend the Curve.entitlements */,
				5AB77C9A24258E4B0002CD3D /* Colors.swift */,
				5AB77C9B24258E4B0002CD3D /* FirestoreUtil.swift */,
				5A9F873C2423D8530015DD96 /* AppDelegate.swift */,
				5A9F873E2423D8530015DD96 /* SceneDelegate.swift */,
				5A9F876C242418410015DD96 /* HomeTVC.swift */,
				5A9F876E24241A460015DD96 /* RegionModel.swift */,
				5AB77C9F24258F6F0002CD3D /* RegionTVC.swift */,
				5A9F877024241BA80015DD96 /* UserModel.swift */,
				5A9F877224241F310015DD96 /* Extensions.swift */,
				5A9F87402423D8530015DD96 /* CustomCells.swift */,
				5A9F877424247D0C0015DD96 /* GoogleService-Info.plist */,
				5A9F87422423D8530015DD96 /* Main.storyboard */,
				5A9F87452423D8560015DD96 /* Assets.xcassets */,
				5A9F87472423D8560015DD96 /* LaunchScreen.storyboard */,
				5A9F874A2423D8560015DD96 /* Info.plist */,
			);
			path = Coronavirus;
			sourceTree = "<group>";
		};
		5A9F87522423D8560015DD96 /* CoronavirusTests */ = {
			isa = PBXGroup;
			children = (
				5A9F87532423D8560015DD96 /* CoronavirusTests.swift */,
				5A9F87552423D8560015DD96 /* Info.plist */,
			);
			path = CoronavirusTests;
			sourceTree = "<group>";
		};
		5A9F875D2423D8560015DD96 /* CoronavirusUITests */ = {
			isa = PBXGroup;
			children = (
				5A9F875E2423D8560015DD96 /* CoronavirusUITests.swift */,
				5A9F87602423D8560015DD96 /* Info.plist */,
			);
			path = CoronavirusUITests;
			sourceTree = "<group>";
		};
		E5B66DB2F03AB84DAEBAC5E3 /* Frameworks */ = {
			isa = PBXGroup;
			children = (
				B849CFE060F044F9FA894DC1 /* Pods_Coronavirus.framework */,
				D65B0A8BAE8BE257BB13B6C5 /* Pods_Coronavirus_CoronavirusUITests.framework */,
				A1FB93A76FA546A36FAC7D47 /* Pods_CoronavirusTests.framework */,
			);
			name = Frameworks;
			sourceTree = "<group>";
		};
/* End PBXGroup section */

/* Begin PBXNativeTarget section */
		5A9F87382423D8530015DD96 /* Coronavirus */ = {
			isa = PBXNativeTarget;
			buildConfigurationList = 5A9F87632423D8560015DD96 /* Build configuration list for PBXNativeTarget "Coronavirus" */;
			buildPhases = (
				BFD53A94DB456F84BF58C200 /* [CP] Check Pods Manifest.lock */,
				5A9F87352423D8530015DD96 /* Sources */,
				5A9F87362423D8530015DD96 /* Frameworks */,
				5A9F87372423D8530015DD96 /* Resources */,
				62D374A73CC460011498B739 /* [CP] Embed Pods Frameworks */,
			);
			buildRules = (
			);
			dependencies = (
			);
			name = Coronavirus;
			productName = Coronavirus;
			productReference = 5A9F87392423D8530015DD96 /* Bend the Curve.app */;
			productType = "com.apple.product-type.application";
		};
		5A9F874E2423D8560015DD96 /* CoronavirusTests */ = {
			isa = PBXNativeTarget;
			buildConfigurationList = 5A9F87662423D8560015DD96 /* Build configuration list for PBXNativeTarget "CoronavirusTests" */;
			buildPhases = (
				2E47249EA67FA65B253CE105 /* [CP] Check Pods Manifest.lock */,
				5A9F874B2423D8560015DD96 /* Sources */,
				5A9F874C2423D8560015DD96 /* Frameworks */,
				5A9F874D2423D8560015DD96 /* Resources */,
			);
			buildRules = (
			);
			dependencies = (
				5A9F87512423D8560015DD96 /* PBXTargetDependency */,
			);
			name = CoronavirusTests;
			productName = CoronavirusTests;
			productReference = 5A9F874F2423D8560015DD96 /* CoronavirusTests.xctest */;
			productType = "com.apple.product-type.bundle.unit-test";
		};
		5A9F87592423D8560015DD96 /* CoronavirusUITests */ = {
			isa = PBXNativeTarget;
			buildConfigurationList = 5A9F87692423D8560015DD96 /* Build configuration list for PBXNativeTarget "CoronavirusUITests" */;
			buildPhases = (
				A1712A841675E5B5CDBDC04C /* [CP] Check Pods Manifest.lock */,
				5A9F87562423D8560015DD96 /* Sources */,
				5A9F87572423D8560015DD96 /* Frameworks */,
				5A9F87582423D8560015DD96 /* Resources */,
				DC34FE58765F0B568B08541A /* [CP] Embed Pods Frameworks */,
			);
			buildRules = (
			);
			dependencies = (
				5A9F875C2423D8560015DD96 /* PBXTargetDependency */,
			);
			name = CoronavirusUITests;
			productName = CoronavirusUITests;
			productReference = 5A9F875A2423D8560015DD96 /* CoronavirusUITests.xctest */;
			productType = "com.apple.product-type.bundle.ui-testing";
		};
/* End PBXNativeTarget section */

/* Begin PBXProject section */
		5A9F87312423D8530015DD96 /* Project object */ = {
			isa = PBXProject;
			attributes = {
				LastSwiftUpdateCheck = 1130;
				LastUpgradeCheck = 1130;
				ORGANIZATIONNAME = "Pineal Labs";
				TargetAttributes = {
					5A9F87382423D8530015DD96 = {
						CreatedOnToolsVersion = 11.3.1;
					};
					5A9F874E2423D8560015DD96 = {
						CreatedOnToolsVersion = 11.3.1;
						TestTargetID = 5A9F87382423D8530015DD96;
					};
					5A9F87592423D8560015DD96 = {
						CreatedOnToolsVersion = 11.3.1;
						TestTargetID = 5A9F87382423D8530015DD96;
					};
				};
			};
			buildConfigurationList = 5A9F87342423D8530015DD96 /* Build configuration list for PBXProject "Coronavirus" */;
			compatibilityVersion = "Xcode 9.3";
			developmentRegion = en;
			hasScannedForEncodings = 0;
			knownRegions = (
				en,
				Base,
			);
			mainGroup = 5A9F87302423D8530015DD96;
			productRefGroup = 5A9F873A2423D8530015DD96 /* Products */;
			projectDirPath = "";
			projectRoot = "";
			targets = (
				5A9F87382423D8530015DD96 /* Coronavirus */,
				5A9F874E2423D8560015DD96 /* CoronavirusTests */,
				5A9F87592423D8560015DD96 /* CoronavirusUITests */,
			);
		};
/* End PBXProject section */

/* Begin PBXResourcesBuildPhase section */
		5A9F87372423D8530015DD96 /* Resources */ = {
			isa = PBXResourcesBuildPhase;
			buildActionMask = 2147483647;
			files = (
				5A9F87492423D8560015DD96 /* LaunchScreen.storyboard in Resources */,
				5A9F877524247D0C0015DD96 /* GoogleService-Info.plist in Resources */,
				5A9F87462423D8560015DD96 /* Assets.xcassets in Resources */,
				5A9F87442423D8530015DD96 /* Main.storyboard in Resources */,
			);
			runOnlyForDeploymentPostprocessing = 0;
		};
		5A9F874D2423D8560015DD96 /* Resources */ = {
			isa = PBXResourcesBuildPhase;
			buildActionMask = 2147483647;
			files = (
			);
			runOnlyForDeploymentPostprocessing = 0;
		};
		5A9F87582423D8560015DD96 /* Resources */ = {
			isa = PBXResourcesBuildPhase;
			buildActionMask = 2147483647;
			files = (
			);
			runOnlyForDeploymentPostprocessing = 0;
		};
/* End PBXResourcesBuildPhase section */

/* Begin PBXShellScriptBuildPhase section */
		2E47249EA67FA65B253CE105 /* [CP] Check Pods Manifest.lock */ = {
			isa = PBXShellScriptBuildPhase;
			buildActionMask = 2147483647;
			files = (
			);
			inputFileListPaths = (
			);
			inputPaths = (
				"${PODS_PODFILE_DIR_PATH}/Podfile.lock",
				"${PODS_ROOT}/Manifest.lock",
			);
			name = "[CP] Check Pods Manifest.lock";
			outputFileListPaths = (
			);
			outputPaths = (
				"$(DERIVED_FILE_DIR)/Pods-CoronavirusTests-checkManifestLockResult.txt",
			);
			runOnlyForDeploymentPostprocessing = 0;
			shellPath = /bin/sh;
			shellScript = "diff \"${PODS_PODFILE_DIR_PATH}/Podfile.lock\" \"${PODS_ROOT}/Manifest.lock\" > /dev/null\nif [ $? != 0 ] ; then\n    # print error to STDERR\n    echo \"error: The sandbox is not in sync with the Podfile.lock. Run 'pod install' or update your CocoaPods installation.\" >&2\n    exit 1\nfi\n# This output is used by Xcode 'outputs' to avoid re-running this script phase.\necho \"SUCCESS\" > \"${SCRIPT_OUTPUT_FILE_0}\"\n";
			showEnvVarsInLog = 0;
		};
		62D374A73CC460011498B739 /* [CP] Embed Pods Frameworks */ = {
			isa = PBXShellScriptBuildPhase;
			buildActionMask = 2147483647;
			files = (
			);
			inputFileListPaths = (
				"${PODS_ROOT}/Target Support Files/Pods-Coronavirus/Pods-Coronavirus-frameworks-${CONFIGURATION}-input-files.xcfilelist",
			);
			name = "[CP] Embed Pods Frameworks";
			outputFileListPaths = (
				"${PODS_ROOT}/Target Support Files/Pods-Coronavirus/Pods-Coronavirus-frameworks-${CONFIGURATION}-output-files.xcfilelist",
			);
			runOnlyForDeploymentPostprocessing = 0;
			shellPath = /bin/sh;
			shellScript = "\"${PODS_ROOT}/Target Support Files/Pods-Coronavirus/Pods-Coronavirus-frameworks.sh\"\n";
			showEnvVarsInLog = 0;
		};
		A1712A841675E5B5CDBDC04C /* [CP] Check Pods Manifest.lock */ = {
			isa = PBXShellScriptBuildPhase;
			buildActionMask = 2147483647;
			files = (
			);
			inputFileListPaths = (
			);
			inputPaths = (
				"${PODS_PODFILE_DIR_PATH}/Podfile.lock",
				"${PODS_ROOT}/Manifest.lock",
			);
			name = "[CP] Check Pods Manifest.lock";
			outputFileListPaths = (
			);
			outputPaths = (
				"$(DERIVED_FILE_DIR)/Pods-Coronavirus-CoronavirusUITests-checkManifestLockResult.txt",
			);
			runOnlyForDeploymentPostprocessing = 0;
			shellPath = /bin/sh;
			shellScript = "diff \"${PODS_PODFILE_DIR_PATH}/Podfile.lock\" \"${PODS_ROOT}/Manifest.lock\" > /dev/null\nif [ $? != 0 ] ; then\n    # print error to STDERR\n    echo \"error: The sandbox is not in sync with the Podfile.lock. Run 'pod install' or update your CocoaPods installation.\" >&2\n    exit 1\nfi\n# This output is used by Xcode 'outputs' to avoid re-running this script phase.\necho \"SUCCESS\" > \"${SCRIPT_OUTPUT_FILE_0}\"\n";
			showEnvVarsInLog = 0;
		};
		BFD53A94DB456F84BF58C200 /* [CP] Check Pods Manifest.lock */ = {
			isa = PBXShellScriptBuildPhase;
			buildActionMask = 2147483647;
			files = (
			);
			inputFileListPaths = (
			);
			inputPaths = (
				"${PODS_PODFILE_DIR_PATH}/Podfile.lock",
				"${PODS_ROOT}/Manifest.lock",
			);
			name = "[CP] Check Pods Manifest.lock";
			outputFileListPaths = (
			);
			outputPaths = (
				"$(DERIVED_FILE_DIR)/Pods-Coronavirus-checkManifestLockResult.txt",
			);
			runOnlyForDeploymentPostprocessing = 0;
			shellPath = /bin/sh;
			shellScript = "diff \"${PODS_PODFILE_DIR_PATH}/Podfile.lock\" \"${PODS_ROOT}/Manifest.lock\" > /dev/null\nif [ $? != 0 ] ; then\n    # print error to STDERR\n    echo \"error: The sandbox is not in sync with the Podfile.lock. Run 'pod install' or update your CocoaPods installation.\" >&2\n    exit 1\nfi\n# This output is used by Xcode 'outputs' to avoid re-running this script phase.\necho \"SUCCESS\" > \"${SCRIPT_OUTPUT_FILE_0}\"\n";
			showEnvVarsInLog = 0;
		};
		DC34FE58765F0B568B08541A /* [CP] Embed Pods Frameworks */ = {
			isa = PBXShellScriptBuildPhase;
			buildActionMask = 2147483647;
			files = (
			);
			inputFileListPaths = (
				"${PODS_ROOT}/Target Support Files/Pods-Coronavirus-CoronavirusUITests/Pods-Coronavirus-CoronavirusUITests-frameworks-${CONFIGURATION}-input-files.xcfilelist",
			);
			name = "[CP] Embed Pods Frameworks";
			outputFileListPaths = (
				"${PODS_ROOT}/Target Support Files/Pods-Coronavirus-CoronavirusUITests/Pods-Coronavirus-CoronavirusUITests-frameworks-${CONFIGURATION}-output-files.xcfilelist",
			);
			runOnlyForDeploymentPostprocessing = 0;
			shellPath = /bin/sh;
			shellScript = "\"${PODS_ROOT}/Target Support Files/Pods-Coronavirus-CoronavirusUITests/Pods-Coronavirus-CoronavirusUITests-frameworks.sh\"\n";
			showEnvVarsInLog = 0;
		};
/* End PBXShellScriptBuildPhase section */

/* Begin PBXSourcesBuildPhase section */
		5A9F87352423D8530015DD96 /* Sources */ = {
			isa = PBXSourcesBuildPhase;
			buildActionMask = 2147483647;
			files = (
				5A9F87412423D8530015DD96 /* CustomCells.swift in Sources */,
				5AB77C9D24258E4B0002CD3D /* Colors.swift in Sources */,
				5A9F873D2423D8530015DD96 /* AppDelegate.swift in Sources */,
				5A9F876D242418410015DD96 /* HomeTVC.swift in Sources */,
				5A9F873F2423D8530015DD96 /* SceneDelegate.swift in Sources */,
				5A9F877124241BA80015DD96 /* UserModel.swift in Sources */,
				5A9F876F24241A460015DD96 /* RegionModel.swift in Sources */,
				5A9F877324241F310015DD96 /* Extensions.swift in Sources */,
				5AB77C9E24258E4B0002CD3D /* FirestoreUtil.swift in Sources */,
				5AB77CA024258F6F0002CD3D /* RegionTVC.swift in Sources */,
			);
			runOnlyForDeploymentPostprocessing = 0;
		};
		5A9F874B2423D8560015DD96 /* Sources */ = {
			isa = PBXSourcesBuildPhase;
			buildActionMask = 2147483647;
			files = (
				5A9F87542423D8560015DD96 /* CoronavirusTests.swift in Sources */,
			);
			runOnlyForDeploymentPostprocessing = 0;
		};
		5A9F87562423D8560015DD96 /* Sources */ = {
			isa = PBXSourcesBuildPhase;
			buildActionMask = 2147483647;
			files = (
				5A9F875F2423D8560015DD96 /* CoronavirusUITests.swift in Sources */,
			);
			runOnlyForDeploymentPostprocessing = 0;
		};
/* End PBXSourcesBuildPhase section */

/* Begin PBXTargetDependency section */
		5A9F87512423D8560015DD96 /* PBXTargetDependency */ = {
			isa = PBXTargetDependency;
			target = 5A9F87382423D8530015DD96 /* Coronavirus */;
			targetProxy = 5A9F87502423D8560015DD96 /* PBXContainerItemProxy */;
		};
		5A9F875C2423D8560015DD96 /* PBXTargetDependency */ = {
			isa = PBXTargetDependency;
			target = 5A9F87382423D8530015DD96 /* Coronavirus */;
			targetProxy = 5A9F875B2423D8560015DD96 /* PBXContainerItemProxy */;
		};
/* End PBXTargetDependency section */

/* Begin PBXVariantGroup section */
		5A9F87422423D8530015DD96 /* Main.storyboard */ = {
			isa = PBXVariantGroup;
			children = (
				5A9F87432423D8530015DD96 /* Base */,
			);
			name = Main.storyboard;
			sourceTree = "<group>";
		};
		5A9F87472423D8560015DD96 /* LaunchScreen.storyboard */ = {
			isa = PBXVariantGroup;
			children = (
				5A9F87482423D8560015DD96 /* Base */,
			);
			name = LaunchScreen.storyboard;
			sourceTree = "<group>";
		};
/* End PBXVariantGroup section */

/* Begin XCBuildConfiguration section */
		5A9F87612423D8560015DD96 /* Debug */ = {
			isa = XCBuildConfiguration;
			buildSettings = {
				ALWAYS_SEARCH_USER_PATHS = NO;
				CLANG_ANALYZER_NONNULL = YES;
				CLANG_ANALYZER_NUMBER_OBJECT_CONVERSION = YES_AGGRESSIVE;
				CLANG_CXX_LANGUAGE_STANDARD = "gnu++14";
				CLANG_CXX_LIBRARY = "libc++";
				CLANG_ENABLE_MODULES = YES;
				CLANG_ENABLE_OBJC_ARC = YES;
				CLANG_ENABLE_OBJC_WEAK = YES;
				CLANG_WARN_BLOCK_CAPTURE_AUTORELEASING = YES;
				CLANG_WARN_BOOL_CONVERSION = YES;
				CLANG_WARN_COMMA = YES;
				CLANG_WARN_CONSTANT_CONVERSION = YES;
				CLANG_WARN_DEPRECATED_OBJC_IMPLEMENTATIONS = YES;
				CLANG_WARN_DIRECT_OBJC_ISA_USAGE = YES_ERROR;
				CLANG_WARN_DOCUMENTATION_COMMENTS = YES;
				CLANG_WARN_EMPTY_BODY = YES;
				CLANG_WARN_ENUM_CONVERSION = YES;
				CLANG_WARN_INFINITE_RECURSION = YES;
				CLANG_WARN_INT_CONVERSION = YES;
				CLANG_WARN_NON_LITERAL_NULL_CONVERSION = YES;
				CLANG_WARN_OBJC_IMPLICIT_RETAIN_SELF = YES;
				CLANG_WARN_OBJC_LITERAL_CONVERSION = YES;
				CLANG_WARN_OBJC_ROOT_CLASS = YES_ERROR;
				CLANG_WARN_RANGE_LOOP_ANALYSIS = YES;
				CLANG_WARN_STRICT_PROTOTYPES = YES;
				CLANG_WARN_SUSPICIOUS_MOVE = YES;
				CLANG_WARN_UNGUARDED_AVAILABILITY = YES_AGGRESSIVE;
				CLANG_WARN_UNREACHABLE_CODE = YES;
				CLANG_WARN__DUPLICATE_METHOD_MATCH = YES;
				COPY_PHASE_STRIP = NO;
				DEBUG_INFORMATION_FORMAT = dwarf;
				ENABLE_STRICT_OBJC_MSGSEND = YES;
				ENABLE_TESTABILITY = YES;
				GCC_C_LANGUAGE_STANDARD = gnu11;
				GCC_DYNAMIC_NO_PIC = NO;
				GCC_NO_COMMON_BLOCKS = YES;
				GCC_OPTIMIZATION_LEVEL = 0;
				GCC_PREPROCESSOR_DEFINITIONS = (
					"DEBUG=1",
					"$(inherited)",
				);
				GCC_WARN_64_TO_32_BIT_CONVERSION = YES;
				GCC_WARN_ABOUT_RETURN_TYPE = YES_ERROR;
				GCC_WARN_UNDECLARED_SELECTOR = YES;
				GCC_WARN_UNINITIALIZED_AUTOS = YES_AGGRESSIVE;
				GCC_WARN_UNUSED_FUNCTION = YES;
				GCC_WARN_UNUSED_VARIABLE = YES;
				IPHONEOS_DEPLOYMENT_TARGET = 13.2;
				MTL_ENABLE_DEBUG_INFO = INCLUDE_SOURCE;
				MTL_FAST_MATH = YES;
				ONLY_ACTIVE_ARCH = YES;
				SDKROOT = iphoneos;
				SWIFT_ACTIVE_COMPILATION_CONDITIONS = DEBUG;
				SWIFT_OPTIMIZATION_LEVEL = "-Onone";
			};
			name = Debug;
		};
		5A9F87622423D8560015DD96 /* Release */ = {
			isa = XCBuildConfiguration;
			buildSettings = {
				ALWAYS_SEARCH_USER_PATHS = NO;
				CLANG_ANALYZER_NONNULL = YES;
				CLANG_ANALYZER_NUMBER_OBJECT_CONVERSION = YES_AGGRESSIVE;
				CLANG_CXX_LANGUAGE_STANDARD = "gnu++14";
				CLANG_CXX_LIBRARY = "libc++";
				CLANG_ENABLE_MODULES = YES;
				CLANG_ENABLE_OBJC_ARC = YES;
				CLANG_ENABLE_OBJC_WEAK = YES;
				CLANG_WARN_BLOCK_CAPTURE_AUTORELEASING = YES;
				CLANG_WARN_BOOL_CONVERSION = YES;
				CLANG_WARN_COMMA = YES;
				CLANG_WARN_CONSTANT_CONVERSION = YES;
				CLANG_WARN_DEPRECATED_OBJC_IMPLEMENTATIONS = YES;
				CLANG_WARN_DIRECT_OBJC_ISA_USAGE = YES_ERROR;
				CLANG_WARN_DOCUMENTATION_COMMENTS = YES;
				CLANG_WARN_EMPTY_BODY = YES;
				CLANG_WARN_ENUM_CONVERSION = YES;
				CLANG_WARN_INFINITE_RECURSION = YES;
				CLANG_WARN_INT_CONVERSION = YES;
				CLANG_WARN_NON_LITERAL_NULL_CONVERSION = YES;
				CLANG_WARN_OBJC_IMPLICIT_RETAIN_SELF = YES;
				CLANG_WARN_OBJC_LITERAL_CONVERSION = YES;
				CLANG_WARN_OBJC_ROOT_CLASS = YES_ERROR;
				CLANG_WARN_RANGE_LOOP_ANALYSIS = YES;
				CLANG_WARN_STRICT_PROTOTYPES = YES;
				CLANG_WARN_SUSPICIOUS_MOVE = YES;
				CLANG_WARN_UNGUARDED_AVAILABILITY = YES_AGGRESSIVE;
				CLANG_WARN_UNREACHABLE_CODE = YES;
				CLANG_WARN__DUPLICATE_METHOD_MATCH = YES;
				COPY_PHASE_STRIP = NO;
				DEBUG_INFORMATION_FORMAT = "dwarf-with-dsym";
				ENABLE_NS_ASSERTIONS = NO;
				ENABLE_STRICT_OBJC_MSGSEND = YES;
				GCC_C_LANGUAGE_STANDARD = gnu11;
				GCC_NO_COMMON_BLOCKS = YES;
				GCC_WARN_64_TO_32_BIT_CONVERSION = YES;
				GCC_WARN_ABOUT_RETURN_TYPE = YES_ERROR;
				GCC_WARN_UNDECLARED_SELECTOR = YES;
				GCC_WARN_UNINITIALIZED_AUTOS = YES_AGGRESSIVE;
				GCC_WARN_UNUSED_FUNCTION = YES;
				GCC_WARN_UNUSED_VARIABLE = YES;
				IPHONEOS_DEPLOYMENT_TARGET = 13.2;
				MTL_ENABLE_DEBUG_INFO = NO;
				MTL_FAST_MATH = YES;
				SDKROOT = iphoneos;
				SWIFT_COMPILATION_MODE = wholemodule;
				SWIFT_OPTIMIZATION_LEVEL = "-O";
				VALIDATE_PRODUCT = YES;
			};
			name = Release;
		};
		5A9F87642423D8560015DD96 /* Debug */ = {
			isa = XCBuildConfiguration;
			baseConfigurationReference = 5156E8A5AFA9B007B551E0D8 /* Pods-Coronavirus.debug.xcconfig */;
			buildSettings = {
				ASSETCATALOG_COMPILER_APPICON_NAME = AppIcon;
				CODE_SIGN_ENTITLEMENTS = "Coronavirus/Bend the Curve.entitlements";
				CODE_SIGN_STYLE = Automatic;
				DEVELOPMENT_TEAM = Y2JVY29H4R;
				INFOPLIST_FILE = Coronavirus/Info.plist;
				LD_RUNPATH_SEARCH_PATHS = (
					"$(inherited)",
					"@executable_path/Frameworks",
				);
				PRODUCT_BUNDLE_IDENTIFIER = com.mdb.Coronavirus;
				PRODUCT_NAME = "Bend the Curve";
				SWIFT_VERSION = 5.0;
				TARGETED_DEVICE_FAMILY = "1,2";
			};
			name = Debug;
		};
		5A9F87652423D8560015DD96 /* Release */ = {
			isa = XCBuildConfiguration;
			baseConfigurationReference = 65CAB34E07B7B32B0E6344FF /* Pods-Coronavirus.release.xcconfig */;
			buildSettings = {
				ASSETCATALOG_COMPILER_APPICON_NAME = AppIcon;
				CODE_SIGN_ENTITLEMENTS = "Coronavirus/Bend the Curve.entitlements";
				CODE_SIGN_STYLE = Automatic;
				DEVELOPMENT_TEAM = Y2JVY29H4R;
				INFOPLIST_FILE = Coronavirus/Info.plist;
				LD_RUNPATH_SEARCH_PATHS = (
					"$(inherited)",
					"@executable_path/Frameworks",
				);
				PRODUCT_BUNDLE_IDENTIFIER = com.mdb.Coronavirus;
				PRODUCT_NAME = "Bend the Curve";
				SWIFT_VERSION = 5.0;
				TARGETED_DEVICE_FAMILY = "1,2";
			};
			name = Release;
		};
		5A9F87672423D8560015DD96 /* Debug */ = {
			isa = XCBuildConfiguration;
			baseConfigurationReference = 2A76199DA896B087C687E1A2 /* Pods-CoronavirusTests.debug.xcconfig */;
			buildSettings = {
				ALWAYS_EMBED_SWIFT_STANDARD_LIBRARIES = YES;
				BUNDLE_LOADER = "$(TEST_HOST)";
				CODE_SIGN_STYLE = Automatic;
				DEVELOPMENT_TEAM = Y2JVY29H4R;
				INFOPLIST_FILE = CoronavirusTests/Info.plist;
				IPHONEOS_DEPLOYMENT_TARGET = 13.2;
				LD_RUNPATH_SEARCH_PATHS = (
					"$(inherited)",
					"@executable_path/Frameworks",
					"@loader_path/Frameworks",
				);
				PRODUCT_BUNDLE_IDENTIFIER = mdb.dev.CoronavirusTests;
				PRODUCT_NAME = "$(TARGET_NAME)";
				SWIFT_VERSION = 5.0;
				TARGETED_DEVICE_FAMILY = "1,2";
				TEST_HOST = "$(BUILT_PRODUCTS_DIR)/Coronavirus.app/Coronavirus";
			};
			name = Debug;
		};
		5A9F87682423D8560015DD96 /* Release */ = {
			isa = XCBuildConfiguration;
			baseConfigurationReference = 8D920D6D7828BA8D6980939F /* Pods-CoronavirusTests.release.xcconfig */;
			buildSettings = {
				ALWAYS_EMBED_SWIFT_STANDARD_LIBRARIES = YES;
				BUNDLE_LOADER = "$(TEST_HOST)";
				CODE_SIGN_STYLE = Automatic;
				DEVELOPMENT_TEAM = Y2JVY29H4R;
				INFOPLIST_FILE = CoronavirusTests/Info.plist;
				IPHONEOS_DEPLOYMENT_TARGET = 13.2;
				LD_RUNPATH_SEARCH_PATHS = (
					"$(inherited)",
					"@executable_path/Frameworks",
					"@loader_path/Frameworks",
				);
				PRODUCT_BUNDLE_IDENTIFIER = mdb.dev.CoronavirusTests;
				PRODUCT_NAME = "$(TARGET_NAME)";
				SWIFT_VERSION = 5.0;
				TARGETED_DEVICE_FAMILY = "1,2";
				TEST_HOST = "$(BUILT_PRODUCTS_DIR)/Coronavirus.app/Coronavirus";
			};
			name = Release;
		};
		5A9F876A2423D8560015DD96 /* Debug */ = {
			isa = XCBuildConfiguration;
			baseConfigurationReference = F32DF28CE1373CB764EA383E /* Pods-Coronavirus-CoronavirusUITests.debug.xcconfig */;
			buildSettings = {
				ALWAYS_EMBED_SWIFT_STANDARD_LIBRARIES = YES;
				CODE_SIGN_STYLE = Automatic;
				DEVELOPMENT_TEAM = Y2JVY29H4R;
				INFOPLIST_FILE = CoronavirusUITests/Info.plist;
				LD_RUNPATH_SEARCH_PATHS = (
					"$(inherited)",
					"@executable_path/Frameworks",
					"@loader_path/Frameworks",
				);
				PRODUCT_BUNDLE_IDENTIFIER = mdb.dev.CoronavirusUITests;
				PRODUCT_NAME = "$(TARGET_NAME)";
				SWIFT_VERSION = 5.0;
				TARGETED_DEVICE_FAMILY = "1,2";
				TEST_TARGET_NAME = Coronavirus;
			};
			name = Debug;
		};
		5A9F876B2423D8560015DD96 /* Release */ = {
			isa = XCBuildConfiguration;
			baseConfigurationReference = D535048CC890B9177CA7A113 /* Pods-Coronavirus-CoronavirusUITests.release.xcconfig */;
			buildSettings = {
				ALWAYS_EMBED_SWIFT_STANDARD_LIBRARIES = YES;
				CODE_SIGN_STYLE = Automatic;
				DEVELOPMENT_TEAM = Y2JVY29H4R;
				INFOPLIST_FILE = CoronavirusUITests/Info.plist;
				LD_RUNPATH_SEARCH_PATHS = (
					"$(inherited)",
					"@executable_path/Frameworks",
					"@loader_path/Frameworks",
				);
				PRODUCT_BUNDLE_IDENTIFIER = mdb.dev.CoronavirusUITests;
				PRODUCT_NAME = "$(TARGET_NAME)";
				SWIFT_VERSION = 5.0;
				TARGETED_DEVICE_FAMILY = "1,2";
				TEST_TARGET_NAME = Coronavirus;
			};
			name = Release;
		};
/* End XCBuildConfiguration section */

/* Begin XCConfigurationList section */
		5A9F87342423D8530015DD96 /* Build configuration list for PBXProject "Coronavirus" */ = {
			isa = XCConfigurationList;
			buildConfigurations = (
				5A9F87612423D8560015DD96 /* Debug */,
				5A9F87622423D8560015DD96 /* Release */,
			);
			defaultConfigurationIsVisible = 0;
			defaultConfigurationName = Release;
		};
		5A9F87632423D8560015DD96 /* Build configuration list for PBXNativeTarget "Coronavirus" */ = {
			isa = XCConfigurationList;
			buildConfigurations = (
				5A9F87642423D8560015DD96 /* Debug */,
				5A9F87652423D8560015DD96 /* Release */,
			);
			defaultConfigurationIsVisible = 0;
			defaultConfigurationName = Release;
		};
		5A9F87662423D8560015DD96 /* Build configuration list for PBXNativeTarget "CoronavirusTests" */ = {
			isa = XCConfigurationList;
			buildConfigurations = (
				5A9F87672423D8560015DD96 /* Debug */,
				5A9F87682423D8560015DD96 /* Release */,
			);
			defaultConfigurationIsVisible = 0;
			defaultConfigurationName = Release;
		};
		5A9F87692423D8560015DD96 /* Build configuration list for PBXNativeTarget "CoronavirusUITests" */ = {
			isa = XCConfigurationList;
			buildConfigurations = (
				5A9F876A2423D8560015DD96 /* Debug */,
				5A9F876B2423D8560015DD96 /* Release */,
			);
			defaultConfigurationIsVisible = 0;
			defaultConfigurationName = Release;
		};
/* End XCConfigurationList section */
	};
	rootObject = 5A9F87312423D8530015DD96 /* Project object */;
}
